
Microsoft Visual Studio Solution File, Format Version 12.00
# Visual Studio Version 17
VisualStudioVersion = 17.2.32630.192
MinimumVisualStudioVersion = 10.0.40219.1
Project("{FAE04EC0-301F-11D3-BF4B-00C04F79EFBC}") = "Basic_of_Oops", "Basic_of_Oops.csproj", "{111C5341-418B-4F43-99DE-1E00DC4AD262}"
EndProject
Global
	GlobalSection(SolutionConfigurationPlatforms) = preSolution
		Debug|Any CPU = Debug|Any CPU
		Release|Any CPU = Release|Any CPU
	EndGlobalSection
	GlobalSection(ProjectConfigurationPlatforms) = postSolution
		{111C5341-418B-4F43-99DE-1E00DC4AD262}.Debug|Any CPU.ActiveCfg = Debug|Any CPU
		{111C5341-418B-4F43-99DE-1E00DC4AD262}.Debug|Any CPU.Build.0 = Debug|Any CPU
		{111C5341-418B-4F43-99DE-1E00DC4AD262}.Release|Any CPU.ActiveCfg = Release|Any CPU
		{111C5341-418B-4F43-99DE-1E00DC4AD262}.Release|Any CPU.Build.0 = Release|Any CPU
	EndGlobalSection
	GlobalSection(SolutionProperties) = preSolution
		HideSolutionNode = FALSE
	EndGlobalSection
	GlobalSection(ExtensibilityGlobals) = postSolution
		SolutionGuid = {81A4B460-D0FD-4E41-920E-3343EB8D786C}
	EndGlobalSection
EndGlobal
